
Microsoft Visual Studio Solution File, Format Version 12.00
# Visual Studio Version 17
VisualStudioVersion = 17.0.31903.59
MinimumVisualStudioVersion = 10.0.40219.1
Project("{FAE04EC0-301F-11D3-BF4B-00C04F79EFBC}") = "variables", "variables\variables.csproj", "{30AB0822-E453-4126-80E3-F84877431ADB}"
EndProject
Project("{FAE04EC0-301F-11D3-BF4B-00C04F79EFBC}") = "math", "math\math.csproj", "{31F7016B-25D3-422E-8E05-F3D0F9B0260E}"
EndProject
Project("{FAE04EC0-301F-11D3-BF4B-00C04F79EFBC}") = "string", "string\string.csproj", "{89D731F0-92DA-4483-9609-206C22AFBACF}"
EndProject
Project("{FAE04EC0-301F-11D3-BF4B-00C04F79EFBC}") = "if_statements", "if_statements\if_statements.csproj", "{0C8FC89D-375D-483D-B0A4-06461D0AB140}"
EndProject
Project("{FAE04EC0-301F-11D3-BF4B-00C04F79EFBC}") = "logical_operators", "logical_operators\logical_operators.csproj", "{0E6F4C60-98E4-47A2-B628-E1BB5BD2B63D}"
EndProject
Project("{FAE04EC0-301F-11D3-BF4B-00C04F79EFBC}") = "loops", "loops\loops.csproj", "{C4FAE20C-C7CF-4340-8AF3-6463AD435C80}"
EndProject
Project("{FAE04EC0-301F-11D3-BF4B-00C04F79EFBC}") = "number_guessing_game", "number_guessing_game\number_guessing_game.csproj", "{D4461C42-C2D0-4FB7-8E64-85BF96C12BC2}"
EndProject
Project("{FAE04EC0-301F-11D3-BF4B-00C04F79EFBC}") = "rock_paper_scissor_game", "rock_paper_scissor_game\rock_paper_scissor_game.csproj", "{23E5F57C-8A5F-4CA4-939D-92BC628CA0D6}"
EndProject
Project("{FAE04EC0-301F-11D3-BF4B-00C04F79EFBC}") = "calculator_program", "calculator_program\calculator_program.csproj", "{2C412A90-7118-4731-9D0A-B69F8D2F6E41}"
EndProject
Project("{FAE04EC0-301F-11D3-BF4B-00C04F79EFBC}") = "arrays", "arrays\arrays.csproj", "{6490EE42-9BC1-47A2-B088-A561AA0CDB6E}"
EndProject
Project("{FAE04EC0-301F-11D3-BF4B-00C04F79EFBC}") = "methods", "methods\methods.csproj", "{AF16BFE6-1EEF-4D71-BAEE-747AD98A22E8}"
EndProject
Project("{FAE04EC0-301F-11D3-BF4B-00C04F79EFBC}") = "exception_handling", "exception_handling\exception_handling.csproj", "{87619B46-B274-4C48-AE9E-8DCC432A2AD4}"
EndProject
Project("{FAE04EC0-301F-11D3-BF4B-00C04F79EFBC}") = "multidimensional_array", "multidimensional_array\multidimensional_array.csproj", "{D7BA9A91-F54C-4F28-A324-C78A22C83D1B}"
EndProject
Project("{FAE04EC0-301F-11D3-BF4B-00C04F79EFBC}") = "classes", "classes\classes.csproj", "{79850B37-2FF9-4314-8154-81017D837DE0}"
EndProject
Project("{FAE04EC0-301F-11D3-BF4B-00C04F79EFBC}") = "objects", "objects\objects.csproj", "{2EF0857E-A4C2-4E07-BE71-A409EC45C35E}"
EndProject
Project("{FAE04EC0-301F-11D3-BF4B-00C04F79EFBC}") = "constructors", "constructors\constructors.csproj", "{F73A18CB-37C2-4E45-8D4A-C8246C23C627}"
EndProject
Project("{FAE04EC0-301F-11D3-BF4B-00C04F79EFBC}") = "modifier_keywords", "modifier_keywords\modifier_keywords.csproj", "{FA428C29-95A6-4565-B86C-7C90D9F90629}"
EndProject
Project("{FAE04EC0-301F-11D3-BF4B-00C04F79EFBC}") = "overloaded_constructors", "overloaded_constructors\overloaded_constructors.csproj", "{ADBA8683-325A-48FD-AB51-C2CA67443E74}"
EndProject
Project("{FAE04EC0-301F-11D3-BF4B-00C04F79EFBC}") = "inheritance", "inheritance\inheritance.csproj", "{3385A19B-FA09-4BDB-9247-AA609061F52A}"
EndProject
Project("{FAE04EC0-301F-11D3-BF4B-00C04F79EFBC}") = "abstract_classes", "abstract_classes\abstract_classes.csproj", "{8D54E125-DC1C-4BE2-AB45-4BD2E886162F}"
EndProject
Project("{FAE04EC0-301F-11D3-BF4B-00C04F79EFBC}") = "array_of_objects", "array_of_objects\array_of_objects.csproj", "{61AA6D40-74E7-4178-97B1-ED4E0599AA5C}"
EndProject
Project("{FAE04EC0-301F-11D3-BF4B-00C04F79EFBC}") = "objects_as_arguments", "objects_as_arguments\objects_as_arguments.csproj", "{10BB3E8C-16D3-467D-AE6C-A978E83AC4F4}"
EndProject
Project("{FAE04EC0-301F-11D3-BF4B-00C04F79EFBC}") = "method_overriding", "method_overriding\method_overriding.csproj", "{A639C509-34CE-4F81-B3D7-8430C0F66C47}"
EndProject
Project("{FAE04EC0-301F-11D3-BF4B-00C04F79EFBC}") = "ToString_method", "ToString_method\ToString_method.csproj", "{AC1CDA5B-A4C6-413D-8FC2-A166A0AA9389}"
EndProject
Global
	GlobalSection(SolutionConfigurationPlatforms) = preSolution
		Debug|Any CPU = Debug|Any CPU
		Release|Any CPU = Release|Any CPU
	EndGlobalSection
	GlobalSection(SolutionProperties) = preSolution
		HideSolutionNode = FALSE
	EndGlobalSection
	GlobalSection(ProjectConfigurationPlatforms) = postSolution
		{30AB0822-E453-4126-80E3-F84877431ADB}.Debug|Any CPU.ActiveCfg = Debug|Any CPU
		{30AB0822-E453-4126-80E3-F84877431ADB}.Debug|Any CPU.Build.0 = Debug|Any CPU
		{30AB0822-E453-4126-80E3-F84877431ADB}.Release|Any CPU.ActiveCfg = Release|Any CPU
		{30AB0822-E453-4126-80E3-F84877431ADB}.Release|Any CPU.Build.0 = Release|Any CPU
		{31F7016B-25D3-422E-8E05-F3D0F9B0260E}.Debug|Any CPU.ActiveCfg = Debug|Any CPU
		{31F7016B-25D3-422E-8E05-F3D0F9B0260E}.Debug|Any CPU.Build.0 = Debug|Any CPU
		{31F7016B-25D3-422E-8E05-F3D0F9B0260E}.Release|Any CPU.ActiveCfg = Release|Any CPU
		{31F7016B-25D3-422E-8E05-F3D0F9B0260E}.Release|Any CPU.Build.0 = Release|Any CPU
		{89D731F0-92DA-4483-9609-206C22AFBACF}.Debug|Any CPU.ActiveCfg = Debug|Any CPU
		{89D731F0-92DA-4483-9609-206C22AFBACF}.Debug|Any CPU.Build.0 = Debug|Any CPU
		{89D731F0-92DA-4483-9609-206C22AFBACF}.Release|Any CPU.ActiveCfg = Release|Any CPU
		{89D731F0-92DA-4483-9609-206C22AFBACF}.Release|Any CPU.Build.0 = Release|Any CPU
		{0C8FC89D-375D-483D-B0A4-06461D0AB140}.Debug|Any CPU.ActiveCfg = Debug|Any CPU
		{0C8FC89D-375D-483D-B0A4-06461D0AB140}.Debug|Any CPU.Build.0 = Debug|Any CPU
		{0C8FC89D-375D-483D-B0A4-06461D0AB140}.Release|Any CPU.ActiveCfg = Release|Any CPU
		{0C8FC89D-375D-483D-B0A4-06461D0AB140}.Release|Any CPU.Build.0 = Release|Any CPU
		{0E6F4C60-98E4-47A2-B628-E1BB5BD2B63D}.Debug|Any CPU.ActiveCfg = Debug|Any CPU
		{0E6F4C60-98E4-47A2-B628-E1BB5BD2B63D}.Debug|Any CPU.Build.0 = Debug|Any CPU
		{0E6F4C60-98E4-47A2-B628-E1BB5BD2B63D}.Release|Any CPU.ActiveCfg = Release|Any CPU
		{0E6F4C60-98E4-47A2-B628-E1BB5BD2B63D}.Release|Any CPU.Build.0 = Release|Any CPU
		{C4FAE20C-C7CF-4340-8AF3-6463AD435C80}.Debug|Any CPU.ActiveCfg = Debug|Any CPU
		{C4FAE20C-C7CF-4340-8AF3-6463AD435C80}.Debug|Any CPU.Build.0 = Debug|Any CPU
		{C4FAE20C-C7CF-4340-8AF3-6463AD435C80}.Release|Any CPU.ActiveCfg = Release|Any CPU
		{C4FAE20C-C7CF-4340-8AF3-6463AD435C80}.Release|Any CPU.Build.0 = Release|Any CPU
		{D4461C42-C2D0-4FB7-8E64-85BF96C12BC2}.Debug|Any CPU.ActiveCfg = Debug|Any CPU
		{D4461C42-C2D0-4FB7-8E64-85BF96C12BC2}.Debug|Any CPU.Build.0 = Debug|Any CPU
		{D4461C42-C2D0-4FB7-8E64-85BF96C12BC2}.Release|Any CPU.ActiveCfg = Release|Any CPU
		{D4461C42-C2D0-4FB7-8E64-85BF96C12BC2}.Release|Any CPU.Build.0 = Release|Any CPU
		{23E5F57C-8A5F-4CA4-939D-92BC628CA0D6}.Debug|Any CPU.ActiveCfg = Debug|Any CPU
		{23E5F57C-8A5F-4CA4-939D-92BC628CA0D6}.Debug|Any CPU.Build.0 = Debug|Any CPU
		{23E5F57C-8A5F-4CA4-939D-92BC628CA0D6}.Release|Any CPU.ActiveCfg = Release|Any CPU
		{23E5F57C-8A5F-4CA4-939D-92BC628CA0D6}.Release|Any CPU.Build.0 = Release|Any CPU
		{2C412A90-7118-4731-9D0A-B69F8D2F6E41}.Debug|Any CPU.ActiveCfg = Debug|Any CPU
		{2C412A90-7118-4731-9D0A-B69F8D2F6E41}.Debug|Any CPU.Build.0 = Debug|Any CPU
		{2C412A90-7118-4731-9D0A-B69F8D2F6E41}.Release|Any CPU.ActiveCfg = Release|Any CPU
		{2C412A90-7118-4731-9D0A-B69F8D2F6E41}.Release|Any CPU.Build.0 = Release|Any CPU
		{6490EE42-9BC1-47A2-B088-A561AA0CDB6E}.Debug|Any CPU.ActiveCfg = Debug|Any CPU
		{6490EE42-9BC1-47A2-B088-A561AA0CDB6E}.Debug|Any CPU.Build.0 = Debug|Any CPU
		{6490EE42-9BC1-47A2-B088-A561AA0CDB6E}.Release|Any CPU.ActiveCfg = Release|Any CPU
		{6490EE42-9BC1-47A2-B088-A561AA0CDB6E}.Release|Any CPU.Build.0 = Release|Any CPU
		{AF16BFE6-1EEF-4D71-BAEE-747AD98A22E8}.Debug|Any CPU.ActiveCfg = Debug|Any CPU
		{AF16BFE6-1EEF-4D71-BAEE-747AD98A22E8}.Debug|Any CPU.Build.0 = Debug|Any CPU
		{AF16BFE6-1EEF-4D71-BAEE-747AD98A22E8}.Release|Any CPU.ActiveCfg = Release|Any CPU
		{AF16BFE6-1EEF-4D71-BAEE-747AD98A22E8}.Release|Any CPU.Build.0 = Release|Any CPU
		{87619B46-B274-4C48-AE9E-8DCC432A2AD4}.Debug|Any CPU.ActiveCfg = Debug|Any CPU
		{87619B46-B274-4C48-AE9E-8DCC432A2AD4}.Debug|Any CPU.Build.0 = Debug|Any CPU
		{87619B46-B274-4C48-AE9E-8DCC432A2AD4}.Release|Any CPU.ActiveCfg = Release|Any CPU
		{87619B46-B274-4C48-AE9E-8DCC432A2AD4}.Release|Any CPU.Build.0 = Release|Any CPU
		{D7BA9A91-F54C-4F28-A324-C78A22C83D1B}.Debug|Any CPU.ActiveCfg = Debug|Any CPU
		{D7BA9A91-F54C-4F28-A324-C78A22C83D1B}.Debug|Any CPU.Build.0 = Debug|Any CPU
		{D7BA9A91-F54C-4F28-A324-C78A22C83D1B}.Release|Any CPU.ActiveCfg = Release|Any CPU
		{D7BA9A91-F54C-4F28-A324-C78A22C83D1B}.Release|Any CPU.Build.0 = Release|Any CPU
		{79850B37-2FF9-4314-8154-81017D837DE0}.Debug|Any CPU.ActiveCfg = Debug|Any CPU
		{79850B37-2FF9-4314-8154-81017D837DE0}.Debug|Any CPU.Build.0 = Debug|Any CPU
		{79850B37-2FF9-4314-8154-81017D837DE0}.Release|Any CPU.ActiveCfg = Release|Any CPU
		{79850B37-2FF9-4314-8154-81017D837DE0}.Release|Any CPU.Build.0 = Release|Any CPU
		{2EF0857E-A4C2-4E07-BE71-A409EC45C35E}.Debug|Any CPU.ActiveCfg = Debug|Any CPU
		{2EF0857E-A4C2-4E07-BE71-A409EC45C35E}.Debug|Any CPU.Build.0 = Debug|Any CPU
		{2EF0857E-A4C2-4E07-BE71-A409EC45C35E}.Release|Any CPU.ActiveCfg = Release|Any CPU
		{2EF0857E-A4C2-4E07-BE71-A409EC45C35E}.Release|Any CPU.Build.0 = Release|Any CPU
		{F73A18CB-37C2-4E45-8D4A-C8246C23C627}.Debug|Any CPU.ActiveCfg = Debug|Any CPU
		{F73A18CB-37C2-4E45-8D4A-C8246C23C627}.Debug|Any CPU.Build.0 = Debug|Any CPU
		{F73A18CB-37C2-4E45-8D4A-C8246C23C627}.Release|Any CPU.ActiveCfg = Release|Any CPU
		{F73A18CB-37C2-4E45-8D4A-C8246C23C627}.Release|Any CPU.Build.0 = Release|Any CPU
		{FA428C29-95A6-4565-B86C-7C90D9F90629}.Debug|Any CPU.ActiveCfg = Debug|Any CPU
		{FA428C29-95A6-4565-B86C-7C90D9F90629}.Debug|Any CPU.Build.0 = Debug|Any CPU
		{FA428C29-95A6-4565-B86C-7C90D9F90629}.Release|Any CPU.ActiveCfg = Release|Any CPU
		{FA428C29-95A6-4565-B86C-7C90D9F90629}.Release|Any CPU.Build.0 = Release|Any CPU
		{ADBA8683-325A-48FD-AB51-C2CA67443E74}.Debug|Any CPU.ActiveCfg = Debug|Any CPU
		{ADBA8683-325A-48FD-AB51-C2CA67443E74}.Debug|Any CPU.Build.0 = Debug|Any CPU
		{ADBA8683-325A-48FD-AB51-C2CA67443E74}.Release|Any CPU.ActiveCfg = Release|Any CPU
		{ADBA8683-325A-48FD-AB51-C2CA67443E74}.Release|Any CPU.Build.0 = Release|Any CPU
		{3385A19B-FA09-4BDB-9247-AA609061F52A}.Debug|Any CPU.ActiveCfg = Debug|Any CPU
		{3385A19B-FA09-4BDB-9247-AA609061F52A}.Debug|Any CPU.Build.0 = Debug|Any CPU
		{3385A19B-FA09-4BDB-9247-AA609061F52A}.Release|Any CPU.ActiveCfg = Release|Any CPU
		{3385A19B-FA09-4BDB-9247-AA609061F52A}.Release|Any CPU.Build.0 = Release|Any CPU
		{8D54E125-DC1C-4BE2-AB45-4BD2E886162F}.Debug|Any CPU.ActiveCfg = Debug|Any CPU
		{8D54E125-DC1C-4BE2-AB45-4BD2E886162F}.Debug|Any CPU.Build.0 = Debug|Any CPU
		{8D54E125-DC1C-4BE2-AB45-4BD2E886162F}.Release|Any CPU.ActiveCfg = Release|Any CPU
		{8D54E125-DC1C-4BE2-AB45-4BD2E886162F}.Release|Any CPU.Build.0 = Release|Any CPU
		{61AA6D40-74E7-4178-97B1-ED4E0599AA5C}.Debug|Any CPU.ActiveCfg = Debug|Any CPU
		{61AA6D40-74E7-4178-97B1-ED4E0599AA5C}.Debug|Any CPU.Build.0 = Debug|Any CPU
		{61AA6D40-74E7-4178-97B1-ED4E0599AA5C}.Release|Any CPU.ActiveCfg = Release|Any CPU
		{61AA6D40-74E7-4178-97B1-ED4E0599AA5C}.Release|Any CPU.Build.0 = Release|Any CPU
		{10BB3E8C-16D3-467D-AE6C-A978E83AC4F4}.Debug|Any CPU.ActiveCfg = Debug|Any CPU
		{10BB3E8C-16D3-467D-AE6C-A978E83AC4F4}.Debug|Any CPU.Build.0 = Debug|Any CPU
		{10BB3E8C-16D3-467D-AE6C-A978E83AC4F4}.Release|Any CPU.ActiveCfg = Release|Any CPU
		{10BB3E8C-16D3-467D-AE6C-A978E83AC4F4}.Release|Any CPU.Build.0 = Release|Any CPU
		{A639C509-34CE-4F81-B3D7-8430C0F66C47}.Debug|Any CPU.ActiveCfg = Debug|Any CPU
		{A639C509-34CE-4F81-B3D7-8430C0F66C47}.Debug|Any CPU.Build.0 = Debug|Any CPU
		{A639C509-34CE-4F81-B3D7-8430C0F66C47}.Release|Any CPU.ActiveCfg = Release|Any CPU
		{A639C509-34CE-4F81-B3D7-8430C0F66C47}.Release|Any CPU.Build.0 = Release|Any CPU
		{AC1CDA5B-A4C6-413D-8FC2-A166A0AA9389}.Debug|Any CPU.ActiveCfg = Debug|Any CPU
		{AC1CDA5B-A4C6-413D-8FC2-A166A0AA9389}.Debug|Any CPU.Build.0 = Debug|Any CPU
		{AC1CDA5B-A4C6-413D-8FC2-A166A0AA9389}.Release|Any CPU.ActiveCfg = Release|Any CPU
		{AC1CDA5B-A4C6-413D-8FC2-A166A0AA9389}.Release|Any CPU.Build.0 = Release|Any CPU
	EndGlobalSection
EndGlobal
