
Microsoft Visual Studio Solution File, Format Version 12.00
# Visual Studio Version 17
VisualStudioVersion = 17.0.31903.59
MinimumVisualStudioVersion = 10.0.40219.1
Project("{FAE04EC0-301F-11D3-BF4B-00C04F79EFBC}") = "variables", "variables\variables.csproj", "{30AB0822-E453-4126-80E3-F84877431ADB}"
EndProject
Project("{FAE04EC0-301F-11D3-BF4B-00C04F79EFBC}") = "math", "math\math.csproj", "{31F7016B-25D3-422E-8E05-F3D0F9B0260E}"
EndProject
Project("{FAE04EC0-301F-11D3-BF4B-00C04F79EFBC}") = "string", "string\string.csproj", "{89D731F0-92DA-4483-9609-206C22AFBACF}"
EndProject
Project("{FAE04EC0-301F-11D3-BF4B-00C04F79EFBC}") = "if_statements", "if_statements\if_statements.csproj", "{0C8FC89D-375D-483D-B0A4-06461D0AB140}"
EndProject
Project("{FAE04EC0-301F-11D3-BF4B-00C04F79EFBC}") = "logical_operators", "logical_operators\logical_operators.csproj", "{0E6F4C60-98E4-47A2-B628-E1BB5BD2B63D}"
EndProject
Project("{FAE04EC0-301F-11D3-BF4B-00C04F79EFBC}") = "loops", "loops\loops.csproj", "{C4FAE20C-C7CF-4340-8AF3-6463AD435C80}"
EndProject
Project("{FAE04EC0-301F-11D3-BF4B-00C04F79EFBC}") = "number_guessing_game", "number_guessing_game\number_guessing_game.csproj", "{D4461C42-C2D0-4FB7-8E64-85BF96C12BC2}"
EndProject
Global
	GlobalSection(SolutionConfigurationPlatforms) = preSolution
		Debug|Any CPU = Debug|Any CPU
		Release|Any CPU = Release|Any CPU
	EndGlobalSection
	GlobalSection(SolutionProperties) = preSolution
		HideSolutionNode = FALSE
	EndGlobalSection
	GlobalSection(ProjectConfigurationPlatforms) = postSolution
		{30AB0822-E453-4126-80E3-F84877431ADB}.Debug|Any CPU.ActiveCfg = Debug|Any CPU
		{30AB0822-E453-4126-80E3-F84877431ADB}.Debug|Any CPU.Build.0 = Debug|Any CPU
		{30AB0822-E453-4126-80E3-F84877431ADB}.Release|Any CPU.ActiveCfg = Release|Any CPU
		{30AB0822-E453-4126-80E3-F84877431ADB}.Release|Any CPU.Build.0 = Release|Any CPU
		{31F7016B-25D3-422E-8E05-F3D0F9B0260E}.Debug|Any CPU.ActiveCfg = Debug|Any CPU
		{31F7016B-25D3-422E-8E05-F3D0F9B0260E}.Debug|Any CPU.Build.0 = Debug|Any CPU
		{31F7016B-25D3-422E-8E05-F3D0F9B0260E}.Release|Any CPU.ActiveCfg = Release|Any CPU
		{31F7016B-25D3-422E-8E05-F3D0F9B0260E}.Release|Any CPU.Build.0 = Release|Any CPU
		{89D731F0-92DA-4483-9609-206C22AFBACF}.Debug|Any CPU.ActiveCfg = Debug|Any CPU
		{89D731F0-92DA-4483-9609-206C22AFBACF}.Debug|Any CPU.Build.0 = Debug|Any CPU
		{89D731F0-92DA-4483-9609-206C22AFBACF}.Release|Any CPU.ActiveCfg = Release|Any CPU
		{89D731F0-92DA-4483-9609-206C22AFBACF}.Release|Any CPU.Build.0 = Release|Any CPU
		{0C8FC89D-375D-483D-B0A4-06461D0AB140}.Debug|Any CPU.ActiveCfg = Debug|Any CPU
		{0C8FC89D-375D-483D-B0A4-06461D0AB140}.Debug|Any CPU.Build.0 = Debug|Any CPU
		{0C8FC89D-375D-483D-B0A4-06461D0AB140}.Release|Any CPU.ActiveCfg = Release|Any CPU
		{0C8FC89D-375D-483D-B0A4-06461D0AB140}.Release|Any CPU.Build.0 = Release|Any CPU
		{0E6F4C60-98E4-47A2-B628-E1BB5BD2B63D}.Debug|Any CPU.ActiveCfg = Debug|Any CPU
		{0E6F4C60-98E4-47A2-B628-E1BB5BD2B63D}.Debug|Any CPU.Build.0 = Debug|Any CPU
		{0E6F4C60-98E4-47A2-B628-E1BB5BD2B63D}.Release|Any CPU.ActiveCfg = Release|Any CPU
		{0E6F4C60-98E4-47A2-B628-E1BB5BD2B63D}.Release|Any CPU.Build.0 = Release|Any CPU
		{C4FAE20C-C7CF-4340-8AF3-6463AD435C80}.Debug|Any CPU.ActiveCfg = Debug|Any CPU
		{C4FAE20C-C7CF-4340-8AF3-6463AD435C80}.Debug|Any CPU.Build.0 = Debug|Any CPU
		{C4FAE20C-C7CF-4340-8AF3-6463AD435C80}.Release|Any CPU.ActiveCfg = Release|Any CPU
		{C4FAE20C-C7CF-4340-8AF3-6463AD435C80}.Release|Any CPU.Build.0 = Release|Any CPU
		{D4461C42-C2D0-4FB7-8E64-85BF96C12BC2}.Debug|Any CPU.ActiveCfg = Debug|Any CPU
		{D4461C42-C2D0-4FB7-8E64-85BF96C12BC2}.Debug|Any CPU.Build.0 = Debug|Any CPU
		{D4461C42-C2D0-4FB7-8E64-85BF96C12BC2}.Release|Any CPU.ActiveCfg = Release|Any CPU
		{D4461C42-C2D0-4FB7-8E64-85BF96C12BC2}.Release|Any CPU.Build.0 = Release|Any CPU
	EndGlobalSection
EndGlobal
